
Microsoft Visual Studio Solution File, Format Version 12.00
# Visual Studio Version 17
VisualStudioVersion = 17.8.34309.116
MinimumVisualStudioVersion = 10.0.40219.1
Project("{FAE04EC0-301F-11D3-BF4B-00C04F79EFBC}") = "ApiSqlServer", "ApiSqlServer.csproj", "{2E9FBC58-F1CC-46DD-B219-C34B5CCBF22E}"
EndProject
Global
	GlobalSection(SolutionConfigurationPlatforms) = preSolution
		Debug|Any CPU = Debug|Any CPU
		Release|Any CPU = Release|Any CPU
	EndGlobalSection
	GlobalSection(ProjectConfigurationPlatforms) = postSolution
		{2E9FBC58-F1CC-46DD-B219-C34B5CCBF22E}.Debug|Any CPU.ActiveCfg = Debug|Any CPU
		{2E9FBC58-F1CC-46DD-B219-C34B5CCBF22E}.Debug|Any CPU.Build.0 = Debug|Any CPU
		{2E9FBC58-F1CC-46DD-B219-C34B5CCBF22E}.Release|Any CPU.ActiveCfg = Release|Any CPU
		{2E9FBC58-F1CC-46DD-B219-C34B5CCBF22E}.Release|Any CPU.Build.0 = Release|Any CPU
	EndGlobalSection
	GlobalSection(SolutionProperties) = preSolution
		HideSolutionNode = FALSE
	EndGlobalSection
	GlobalSection(ExtensibilityGlobals) = postSolution
		SolutionGuid = {E19A25CA-41CB-4B71-ACBF-C68AE329D0CD}
	EndGlobalSection
EndGlobal
